
Microsoft Visual Studio Solution File, Format Version 12.00
# Visual Studio Version 16
VisualStudioVersion = 16.0.30413.136
MinimumVisualStudioVersion = 10.0.40219.1
Project("{FAE04EC0-301F-11D3-BF4B-00C04F79EFBC}") = "Sweet-as-Salt", "Sweet-as-Salt.csproj", "{59F084F0-B70F-4DC8-9BDB-E42B8E75D2B7}"
EndProject
Global
	GlobalSection(SolutionConfigurationPlatforms) = preSolution
		Debug|Any CPU = Debug|Any CPU
		Release|Any CPU = Release|Any CPU
	EndGlobalSection
	GlobalSection(ProjectConfigurationPlatforms) = postSolution
		{59F084F0-B70F-4DC8-9BDB-E42B8E75D2B7}.Debug|Any CPU.ActiveCfg = Debug|Any CPU
		{59F084F0-B70F-4DC8-9BDB-E42B8E75D2B7}.Debug|Any CPU.Build.0 = Debug|Any CPU
		{59F084F0-B70F-4DC8-9BDB-E42B8E75D2B7}.Release|Any CPU.ActiveCfg = Release|Any CPU
		{59F084F0-B70F-4DC8-9BDB-E42B8E75D2B7}.Release|Any CPU.Build.0 = Release|Any CPU
	EndGlobalSection
	GlobalSection(SolutionProperties) = preSolution
		HideSolutionNode = FALSE
	EndGlobalSection
	GlobalSection(ExtensibilityGlobals) = postSolution
		SolutionGuid = {C3B11845-5D05-46BB-A46C-7CEDF3EF3031}
	EndGlobalSection
EndGlobal
